# This file is automatically @generated by Wally.
# It is not intended for manual editing.
registry = "test"

[[package]]
name = "elttob/fusion"
version = "0.2.0"
dependencies = []

[[package]]
name = "evaera/cmdr"
version = "1.12.0"
dependencies = []

[[package]]
name = "evaera/promise"
version = "4.0.0"
dependencies = []

[[package]]
name = "frede/resource-gathering-simulator"
version = "0.1.0"
dependencies = [["Cmdr", "evaera/cmdr@1.12.0"], ["FormatNumber", "kumarion/formatnumber@0.0.1"], ["Fusion", "elttob/fusion@0.2.0"], ["Janitor", "howmanysmall/janitor@1.15.6"], ["Knit", "sleitnick/knit@1.6.0"], ["ProfileService", "surnautica/profileservice@1.0.0"], ["Promise", "evaera/promise@4.0.0"], ["Signal", "sleitnick/signal@2.0.1"], ["gameanalytics-sdk", "gameanalytics/gameanalytics-sdk@2.2.2"], ["moonlite", "maximumadhd/moonlite@0.9.0"]]

[[package]]
name = "gameanalytics/gameanalytics-sdk"
version = "2.2.2"
dependencies = []

[[package]]
name = "howmanysmall/janitor"
version = "1.15.6"
dependencies = [["Promise", "evaera/promise@4.0.0"]]

[[package]]
name = "kumarion/formatnumber"
version = "0.0.1"
dependencies = []

[[package]]
name = "maximumadhd/moonlite"
version = "0.9.0"
dependencies = []

[[package]]
name = "sleitnick/comm"
version = "1.0.1"
dependencies = [["Option", "sleitnick/option@1.0.4"], ["Promise", "evaera/promise@4.0.0"], ["Signal", "sleitnick/signal@2.0.1"]]

[[package]]
name = "sleitnick/knit"
version = "1.6.0"
dependencies = [["Comm", "sleitnick/comm@1.0.1"], ["Promise", "evaera/promise@4.0.0"]]

[[package]]
name = "sleitnick/option"
version = "1.0.4"
dependencies = []

[[package]]
name = "sleitnick/signal"
version = "2.0.1"
dependencies = []

[[package]]
name = "surnautica/profileservice"
version = "1.0.0"
dependencies = []
